{
  "name": "superjson-and-devalue",
  "lockfileVersion": 2,
  "requires": true,
  "packages": {
    "": {
      "dependencies": {
        "devalue": "^2.0.1",
        "kleur": "^4.0.2",
        "superjson": "^1.7.1"
      }
    },
    "node_modules/devalue": {
      "version": "2.0.1",
      "resolved": "https://registry.npmjs.org/devalue/-/devalue-2.0.1.tgz",
      "integrity": "sha512-I2TiqT5iWBEyB8GRfTDP0hiLZ0YeDJZ+upDxjBfOC2lebO5LezQMv7QvIUTzdb64jQyAKLf1AHADtGN+jw6v8Q=="
    },
    "node_modules/kleur": {
      "version": "4.0.2",
      "resolved": "https://registry.npmjs.org/kleur/-/kleur-4.0.2.tgz",
      "integrity": "sha512-FGCCxczbrZuF5CtMeO0xfnjhzkVZSXfcWK90IPLucDWZwskrpYN7pmRIgvd8muU0mrPrzy4A2RBGuwCjLHI+nw==",
      "engines": {
        "node": ">=6"
      }
    },
    "node_modules/superjson": {
      "version": "1.7.1",
      "resolved": "https://registry.npmjs.org/superjson/-/superjson-1.7.1.tgz",
      "integrity": "sha512-Rf1j4xRJFB0bs2sjHgheNJ9BlhLK5VvBZEUloMWs4aiEk2vF4cEskSrCG94Un7aZkBhW3ByZl0l2NUIP6bp72A==",
      "engines": {
        "node": ">=10"
      }
    }
  },
  "dependencies": {
    "devalue": {
      "version": "2.0.1",
      "resolved": "https://registry.npmjs.org/devalue/-/devalue-2.0.1.tgz",
      "integrity": "sha512-I2TiqT5iWBEyB8GRfTDP0hiLZ0YeDJZ+upDxjBfOC2lebO5LezQMv7QvIUTzdb64jQyAKLf1AHADtGN+jw6v8Q=="
    },
    "kleur": {
      "version": "4.0.2",
      "resolved": "https://registry.npmjs.org/kleur/-/kleur-4.0.2.tgz",
      "integrity": "sha512-FGCCxczbrZuF5CtMeO0xfnjhzkVZSXfcWK90IPLucDWZwskrpYN7pmRIgvd8muU0mrPrzy4A2RBGuwCjLHI+nw=="
    },
    "superjson": {
      "version": "1.7.1",
      "resolved": "https://registry.npmjs.org/superjson/-/superjson-1.7.1.tgz",
      "integrity": "sha512-Rf1j4xRJFB0bs2sjHgheNJ9BlhLK5VvBZEUloMWs4aiEk2vF4cEskSrCG94Un7aZkBhW3ByZl0l2NUIP6bp72A=="
    }
  }
}
