{
  "requires": true,
  "lockfileVersion": 1,
  "dependencies": {
    "@sindresorhus/is": {
      "version": "3.0.0",
      "resolved": "https://registry.npmjs.org/@sindresorhus/is/-/is-3.0.0.tgz",
      "integrity": "sha512-kqA5I6Yun7PBHk8WN9BBP1c7FfN2SrD05GuVSEYPqDb4nerv7HqYfgBfMIKmT/EuejURkJKLZuLyGKGs6WEG9w=="
    },
    "devalue": {
      "version": "2.0.1",
      "resolved": "https://registry.npmjs.org/devalue/-/devalue-2.0.1.tgz",
      "integrity": "sha512-I2TiqT5iWBEyB8GRfTDP0hiLZ0YeDJZ+upDxjBfOC2lebO5LezQMv7QvIUTzdb64jQyAKLf1AHADtGN+jw6v8Q=="
    },
    "kleur": {
      "version": "4.0.2",
      "resolved": "https://registry.npmjs.org/kleur/-/kleur-4.0.2.tgz",
      "integrity": "sha512-FGCCxczbrZuF5CtMeO0xfnjhzkVZSXfcWK90IPLucDWZwskrpYN7pmRIgvd8muU0mrPrzy4A2RBGuwCjLHI+nw=="
    },
    "superjson": {
      "version": "1.0.1",
      "resolved": "https://registry.npmjs.org/superjson/-/superjson-1.0.1.tgz",
      "integrity": "sha512-/FqbJ6t9uQdwq6kZnQILHEv5rRKzbLRDROs4DCg4YRN44HLH5aLzTgw8GLxhShH59kXRCC/iR1pRazBnhU4l4w==",
      "requires": {
        "@sindresorhus/is": "^3.0.0"
      }
    }
  }
}
