{
  "requires": true,
  "lockfileVersion": 1,
  "dependencies": {
    "debug": {
      "version": "4.3.3",
      "resolved": "https://registry.npmjs.org/debug/-/debug-4.3.3.tgz",
      "integrity": "sha512-/zxw5+vh1Tfv+4Qn7a5nsbcJKPaSvCDhojn6FEl9vupwK2VCSDtEiEtqr8DFtzYFOdz63LBkxec7DYuc2jon6Q==",
      "requires": {
        "ms": "2.1.2"
      }
    },
    "devalue": {
      "version": "2.0.1",
      "resolved": "https://registry.npmjs.org/devalue/-/devalue-2.0.1.tgz",
      "integrity": "sha512-I2TiqT5iWBEyB8GRfTDP0hiLZ0YeDJZ+upDxjBfOC2lebO5LezQMv7QvIUTzdb64jQyAKLf1AHADtGN+jw6v8Q=="
    },
    "kleur": {
      "version": "4.0.2",
      "resolved": "https://registry.npmjs.org/kleur/-/kleur-4.0.2.tgz",
      "integrity": "sha512-FGCCxczbrZuF5CtMeO0xfnjhzkVZSXfcWK90IPLucDWZwskrpYN7pmRIgvd8muU0mrPrzy4A2RBGuwCjLHI+nw=="
    },
    "lodash.clonedeep": {
      "version": "4.5.0",
      "resolved": "https://registry.npmjs.org/lodash.clonedeep/-/lodash.clonedeep-4.5.0.tgz",
      "integrity": "sha1-4j8/nE+Pvd6HJSnBBxhXoIblzO8="
    },
    "ms": {
      "version": "2.1.2",
      "resolved": "https://registry.npmjs.org/ms/-/ms-2.1.2.tgz",
      "integrity": "sha512-sGkPx+VjMtmA6MX27oA4FBFELFCZZ4S4XqeGOXCv68tT+jb3vk/RyaKWP0PTKyWtmLSM0b+adUTEvbs1PEaH2w=="
    },
    "superjson": {
      "version": "1.8.1",
      "resolved": "https://registry.npmjs.org/superjson/-/superjson-1.8.1.tgz",
      "integrity": "sha512-RaBKdbsYj29Ky+XcdE11pJAyKXPrqiCV269koH2WAlpeHh/9qnK0ET84GiVWvnutiufyDolK/vS2jtdFYr341w==",
      "requires": {
        "debug": "^4.3.1",
        "lodash.clonedeep": "^4.5.0"
      }
    }
  }
}
